<?xml version="1.0" encoding="UTF-8" standalone="yes" ?>
<CodeBlocks_project_file>
   <FileVersion major="1" minor="6" />
   <Project>
      <Option title="ERT_Train" />
      <Option makefile_is_custom="1" />
      <Option compiler="gcc" />
      <Option virtualFolders="CMake Files\;CMake Files\..\;CMake Files\..\..\;CMake Files\..\..\..\;CMake Files\..\..\..\..\;CMake Files\..\..\..\..\..\;CMake Files\..\..\..\..\..\..\;CMake Files\..\..\..\..\..\..\..\;CMake Files\..\..\..\..\..\..\..\opt\;CMake Files\..\..\..\..\..\..\..\opt\ros\;CMake Files\..\..\..\..\..\..\..\opt\ros\kinetic\;CMake Files\..\..\..\..\..\..\..\opt\ros\kinetic\share\;CMake Files\..\..\..\..\..\..\..\opt\ros\kinetic\share\OpenCV-3.3.1\;" />
      <Build>
      <Target title="all">
         <Option working_dir="/home/zhang/github/Code_Project/head_position/ERT-GBDT_Face_Alignment-master/build-ERT_Train-Desktop_Qt_5_6_1_GCC_64bit-Default" />
         <Option type="4" />
         <MakeCommands>
            <Build command="/usr/bin/make -f &quot;/home/zhang/github/Code_Project/head_position/ERT-GBDT_Face_Alignment-master/build-ERT_Train-Desktop_Qt_5_6_1_GCC_64bit-Default/Makefile&quot;  VERBOSE=1 all" />
            <CompileFile command="/usr/bin/make -f &quot;/home/zhang/github/Code_Project/head_position/ERT-GBDT_Face_Alignment-master/build-ERT_Train-Desktop_Qt_5_6_1_GCC_64bit-Default/Makefile&quot;  VERBOSE=1 &quot;$file&quot;" />
            <Clean command="/usr/bin/make -f &quot;/home/zhang/github/Code_Project/head_position/ERT-GBDT_Face_Alignment-master/build-ERT_Train-Desktop_Qt_5_6_1_GCC_64bit-Default/Makefile&quot;  VERBOSE=1 clean" />
            <DistClean command="/usr/bin/make -f &quot;/home/zhang/github/Code_Project/head_position/ERT-GBDT_Face_Alignment-master/build-ERT_Train-Desktop_Qt_5_6_1_GCC_64bit-Default/Makefile&quot;  VERBOSE=1 clean" />
         </MakeCommands>
      </Target>
      <Target title="edit_cache">
         <Option working_dir="/home/zhang/github/Code_Project/head_position/ERT-GBDT_Face_Alignment-master/build-ERT_Train-Desktop_Qt_5_6_1_GCC_64bit-Default" />
         <Option type="4" />
         <MakeCommands>
            <Build command="/usr/bin/make -f &quot;/home/zhang/github/Code_Project/head_position/ERT-GBDT_Face_Alignment-master/build-ERT_Train-Desktop_Qt_5_6_1_GCC_64bit-Default/Makefile&quot;  VERBOSE=1 edit_cache" />
            <CompileFile command="/usr/bin/make -f &quot;/home/zhang/github/Code_Project/head_position/ERT-GBDT_Face_Alignment-master/build-ERT_Train-Desktop_Qt_5_6_1_GCC_64bit-Default/Makefile&quot;  VERBOSE=1 &quot;$file&quot;" />
            <Clean command="/usr/bin/make -f &quot;/home/zhang/github/Code_Project/head_position/ERT-GBDT_Face_Alignment-master/build-ERT_Train-Desktop_Qt_5_6_1_GCC_64bit-Default/Makefile&quot;  VERBOSE=1 clean" />
            <DistClean command="/usr/bin/make -f &quot;/home/zhang/github/Code_Project/head_position/ERT-GBDT_Face_Alignment-master/build-ERT_Train-Desktop_Qt_5_6_1_GCC_64bit-Default/Makefile&quot;  VERBOSE=1 clean" />
         </MakeCommands>
      </Target>
      <Target title="rebuild_cache">
         <Option working_dir="/home/zhang/github/Code_Project/head_position/ERT-GBDT_Face_Alignment-master/build-ERT_Train-Desktop_Qt_5_6_1_GCC_64bit-Default" />
         <Option type="4" />
         <MakeCommands>
            <Build command="/usr/bin/make -f &quot;/home/zhang/github/Code_Project/head_position/ERT-GBDT_Face_Alignment-master/build-ERT_Train-Desktop_Qt_5_6_1_GCC_64bit-Default/Makefile&quot;  VERBOSE=1 rebuild_cache" />
            <CompileFile command="/usr/bin/make -f &quot;/home/zhang/github/Code_Project/head_position/ERT-GBDT_Face_Alignment-master/build-ERT_Train-Desktop_Qt_5_6_1_GCC_64bit-Default/Makefile&quot;  VERBOSE=1 &quot;$file&quot;" />
            <Clean command="/usr/bin/make -f &quot;/home/zhang/github/Code_Project/head_position/ERT-GBDT_Face_Alignment-master/build-ERT_Train-Desktop_Qt_5_6_1_GCC_64bit-Default/Makefile&quot;  VERBOSE=1 clean" />
            <DistClean command="/usr/bin/make -f &quot;/home/zhang/github/Code_Project/head_position/ERT-GBDT_Face_Alignment-master/build-ERT_Train-Desktop_Qt_5_6_1_GCC_64bit-Default/Makefile&quot;  VERBOSE=1 clean" />
         </MakeCommands>
      </Target>
      <Target title="ERT_Train">
         <Option output="/home/zhang/github/Code_Project/head_position/ERT-GBDT_Face_Alignment-master/build-ERT_Train-Desktop_Qt_5_6_1_GCC_64bit-Default/ERT_Train" prefix_auto="0" extension_auto="0" />
         <Option working_dir="/home/zhang/github/Code_Project/head_position/ERT-GBDT_Face_Alignment-master/build-ERT_Train-Desktop_Qt_5_6_1_GCC_64bit-Default" />
         <Option object_output="./" />
         <Option type="1" />
         <Option compiler="gcc" />
         <Compiler>
            <Add directory="/home/zhang/github/Code_Project/head_position/ERT-GBDT_Face_Alignment-master/ERT_Train/./code/inc" />
            <Add directory="/opt/ros/kinetic/include/opencv-3.3.1" />
            <Add directory="/opt/ros/kinetic/include/opencv-3.3.1/opencv" />
            <Add directory="/usr/include" />
            <Add directory="/usr/include/c++/5" />
            <Add directory="/usr/include/c++/5/backward" />
            <Add directory="/usr/include/x86_64-linux-gnu" />
            <Add directory="/usr/include/x86_64-linux-gnu/c++/5" />
            <Add directory="/usr/lib/gcc/x86_64-linux-gnu/5/include" />
            <Add directory="/usr/lib/gcc/x86_64-linux-gnu/5/include-fixed" />
            <Add directory="/usr/local/include" />
         </Compiler>
         <MakeCommands>
            <Build command="/usr/bin/make -f &quot;/home/zhang/github/Code_Project/head_position/ERT-GBDT_Face_Alignment-master/build-ERT_Train-Desktop_Qt_5_6_1_GCC_64bit-Default/Makefile&quot;  VERBOSE=1 ERT_Train" />
            <CompileFile command="/usr/bin/make -f &quot;/home/zhang/github/Code_Project/head_position/ERT-GBDT_Face_Alignment-master/build-ERT_Train-Desktop_Qt_5_6_1_GCC_64bit-Default/Makefile&quot;  VERBOSE=1 &quot;$file&quot;" />
            <Clean command="/usr/bin/make -f &quot;/home/zhang/github/Code_Project/head_position/ERT-GBDT_Face_Alignment-master/build-ERT_Train-Desktop_Qt_5_6_1_GCC_64bit-Default/Makefile&quot;  VERBOSE=1 clean" />
            <DistClean command="/usr/bin/make -f &quot;/home/zhang/github/Code_Project/head_position/ERT-GBDT_Face_Alignment-master/build-ERT_Train-Desktop_Qt_5_6_1_GCC_64bit-Default/Makefile&quot;  VERBOSE=1 clean" />
         </MakeCommands>
      </Target>
      <Target title="ERT_Train/fast">
         <Option output="/home/zhang/github/Code_Project/head_position/ERT-GBDT_Face_Alignment-master/build-ERT_Train-Desktop_Qt_5_6_1_GCC_64bit-Default/ERT_Train" prefix_auto="0" extension_auto="0" />
         <Option working_dir="/home/zhang/github/Code_Project/head_position/ERT-GBDT_Face_Alignment-master/build-ERT_Train-Desktop_Qt_5_6_1_GCC_64bit-Default" />
         <Option object_output="./" />
         <Option type="1" />
         <Option compiler="gcc" />
         <Compiler>
            <Add directory="/home/zhang/github/Code_Project/head_position/ERT-GBDT_Face_Alignment-master/ERT_Train/./code/inc" />
            <Add directory="/opt/ros/kinetic/include/opencv-3.3.1" />
            <Add directory="/opt/ros/kinetic/include/opencv-3.3.1/opencv" />
            <Add directory="/usr/include" />
            <Add directory="/usr/include/c++/5" />
            <Add directory="/usr/include/c++/5/backward" />
            <Add directory="/usr/include/x86_64-linux-gnu" />
            <Add directory="/usr/include/x86_64-linux-gnu/c++/5" />
            <Add directory="/usr/lib/gcc/x86_64-linux-gnu/5/include" />
            <Add directory="/usr/lib/gcc/x86_64-linux-gnu/5/include-fixed" />
            <Add directory="/usr/local/include" />
         </Compiler>
         <MakeCommands>
            <Build command="/usr/bin/make -f &quot;/home/zhang/github/Code_Project/head_position/ERT-GBDT_Face_Alignment-master/build-ERT_Train-Desktop_Qt_5_6_1_GCC_64bit-Default/Makefile&quot;  VERBOSE=1 ERT_Train/fast" />
            <CompileFile command="/usr/bin/make -f &quot;/home/zhang/github/Code_Project/head_position/ERT-GBDT_Face_Alignment-master/build-ERT_Train-Desktop_Qt_5_6_1_GCC_64bit-Default/Makefile&quot;  VERBOSE=1 &quot;$file&quot;" />
            <Clean command="/usr/bin/make -f &quot;/home/zhang/github/Code_Project/head_position/ERT-GBDT_Face_Alignment-master/build-ERT_Train-Desktop_Qt_5_6_1_GCC_64bit-Default/Makefile&quot;  VERBOSE=1 clean" />
            <DistClean command="/usr/bin/make -f &quot;/home/zhang/github/Code_Project/head_position/ERT-GBDT_Face_Alignment-master/build-ERT_Train-Desktop_Qt_5_6_1_GCC_64bit-Default/Makefile&quot;  VERBOSE=1 clean" />
         </MakeCommands>
      </Target>
      </Build>
      <Unit filename="/home/zhang/github/Code_Project/head_position/ERT-GBDT_Face_Alignment-master/ERT_Train/code/src/ERT.cpp">
         <Option target="ERT_Train"/>
      </Unit>
      <Unit filename="/home/zhang/github/Code_Project/head_position/ERT-GBDT_Face_Alignment-master/ERT_Train/code/src/main.cpp">
         <Option target="ERT_Train"/>
      </Unit>
      <Unit filename="/home/zhang/github/Code_Project/head_position/ERT-GBDT_Face_Alignment-master/ERT_Train/code/src/regressor.cpp">
         <Option target="ERT_Train"/>
      </Unit>
      <Unit filename="/home/zhang/github/Code_Project/head_position/ERT-GBDT_Face_Alignment-master/ERT_Train/code/src/tree.cpp">
         <Option target="ERT_Train"/>
      </Unit>
      <Unit filename="/home/zhang/github/Code_Project/head_position/ERT-GBDT_Face_Alignment-master/ERT_Train/code/src/utilis.cpp">
         <Option target="ERT_Train"/>
      </Unit>
      <Unit filename="/home/zhang/github/Code_Project/head_position/ERT-GBDT_Face_Alignment-master/ERT_Train/CMakeLists.txt">
          <Option virtualFolder="CMake Files\" />
      </Unit>
      <Unit filename="/home/zhang/github/Code_Project/head_position/ERT-GBDT_Face_Alignment-master/ERT_Train/../../../../../../../opt/ros/kinetic/share/OpenCV-3.3.1/OpenCVConfig-version.cmake">
          <Option virtualFolder="CMake Files\..\..\..\..\..\..\..\opt\ros\kinetic\share\OpenCV-3.3.1\" />
      </Unit>
      <Unit filename="/home/zhang/github/Code_Project/head_position/ERT-GBDT_Face_Alignment-master/ERT_Train/../../../../../../../opt/ros/kinetic/share/OpenCV-3.3.1/OpenCVConfig.cmake">
          <Option virtualFolder="CMake Files\..\..\..\..\..\..\..\opt\ros\kinetic\share\OpenCV-3.3.1\" />
      </Unit>
      <Unit filename="/home/zhang/github/Code_Project/head_position/ERT-GBDT_Face_Alignment-master/ERT_Train/../../../../../../../opt/ros/kinetic/share/OpenCV-3.3.1/OpenCVModules.cmake">
          <Option virtualFolder="CMake Files\..\..\..\..\..\..\..\opt\ros\kinetic\share\OpenCV-3.3.1\" />
      </Unit>
      <Unit filename="/home/zhang/github/Code_Project/head_position/ERT-GBDT_Face_Alignment-master/ERT_Train/../../../../../../../opt/ros/kinetic/share/OpenCV-3.3.1/OpenCVModules-none.cmake">
          <Option virtualFolder="CMake Files\..\..\..\..\..\..\..\opt\ros\kinetic\share\OpenCV-3.3.1\" />
      </Unit>
   </Project>
</CodeBlocks_project_file>
