<?xml version="1.0" encoding="UTF-8" standalone="yes" ?>
<CodeBlocks_project_file>
   <FileVersion major="1" minor="6" />
   <Project>
      <Option title="ElasticFusion" />
      <Option makefile_is_custom="1" />
      <Option compiler="gcc" />
      <Option virtualFolders="CMake Files\;CMake Files\..\;CMake Files\..\..\;CMake Files\..\..\..\;CMake Files\..\..\..\..\;CMake Files\..\..\..\..\..\;CMake Files\..\..\..\..\..\..\;CMake Files\..\..\..\..\..\..\..\;CMake Files\..\..\..\..\..\..\..\usr\;CMake Files\..\..\..\..\..\..\..\usr\local\;CMake Files\..\..\..\..\..\..\..\usr\local\lib\;CMake Files\..\..\..\..\..\..\..\usr\local\lib\cmake\;CMake Files\..\..\..\..\..\..\..\usr\local\lib\cmake\Pangolin\;" />
      <Build>
      <Target title="all">
         <Option working_dir="/home/zhang/code_project/Fusion/ElasticFusion-master/GUI/build-src-Desktop_Qt_5_6_1_GCC_64bit-Debug" />
         <Option type="4" />
         <MakeCommands>
            <Build command="/usr/bin/make -f &quot;/home/zhang/code_project/Fusion/ElasticFusion-master/GUI/build-src-Desktop_Qt_5_6_1_GCC_64bit-Debug/Makefile&quot;  VERBOSE=1 all" />
            <CompileFile command="/usr/bin/make -f &quot;/home/zhang/code_project/Fusion/ElasticFusion-master/GUI/build-src-Desktop_Qt_5_6_1_GCC_64bit-Debug/Makefile&quot;  VERBOSE=1 &quot;$file&quot;" />
            <Clean command="/usr/bin/make -f &quot;/home/zhang/code_project/Fusion/ElasticFusion-master/GUI/build-src-Desktop_Qt_5_6_1_GCC_64bit-Debug/Makefile&quot;  VERBOSE=1 clean" />
            <DistClean command="/usr/bin/make -f &quot;/home/zhang/code_project/Fusion/ElasticFusion-master/GUI/build-src-Desktop_Qt_5_6_1_GCC_64bit-Debug/Makefile&quot;  VERBOSE=1 clean" />
         </MakeCommands>
      </Target>
      <Target title="install">
         <Option working_dir="/home/zhang/code_project/Fusion/ElasticFusion-master/GUI/build-src-Desktop_Qt_5_6_1_GCC_64bit-Debug" />
         <Option type="4" />
         <MakeCommands>
            <Build command="/usr/bin/make -f &quot;/home/zhang/code_project/Fusion/ElasticFusion-master/GUI/build-src-Desktop_Qt_5_6_1_GCC_64bit-Debug/Makefile&quot;  VERBOSE=1 install" />
            <CompileFile command="/usr/bin/make -f &quot;/home/zhang/code_project/Fusion/ElasticFusion-master/GUI/build-src-Desktop_Qt_5_6_1_GCC_64bit-Debug/Makefile&quot;  VERBOSE=1 &quot;$file&quot;" />
            <Clean command="/usr/bin/make -f &quot;/home/zhang/code_project/Fusion/ElasticFusion-master/GUI/build-src-Desktop_Qt_5_6_1_GCC_64bit-Debug/Makefile&quot;  VERBOSE=1 clean" />
            <DistClean command="/usr/bin/make -f &quot;/home/zhang/code_project/Fusion/ElasticFusion-master/GUI/build-src-Desktop_Qt_5_6_1_GCC_64bit-Debug/Makefile&quot;  VERBOSE=1 clean" />
         </MakeCommands>
      </Target>
      <Target title="list_install_components">
         <Option working_dir="/home/zhang/code_project/Fusion/ElasticFusion-master/GUI/build-src-Desktop_Qt_5_6_1_GCC_64bit-Debug" />
         <Option type="4" />
         <MakeCommands>
            <Build command="/usr/bin/make -f &quot;/home/zhang/code_project/Fusion/ElasticFusion-master/GUI/build-src-Desktop_Qt_5_6_1_GCC_64bit-Debug/Makefile&quot;  VERBOSE=1 list_install_components" />
            <CompileFile command="/usr/bin/make -f &quot;/home/zhang/code_project/Fusion/ElasticFusion-master/GUI/build-src-Desktop_Qt_5_6_1_GCC_64bit-Debug/Makefile&quot;  VERBOSE=1 &quot;$file&quot;" />
            <Clean command="/usr/bin/make -f &quot;/home/zhang/code_project/Fusion/ElasticFusion-master/GUI/build-src-Desktop_Qt_5_6_1_GCC_64bit-Debug/Makefile&quot;  VERBOSE=1 clean" />
            <DistClean command="/usr/bin/make -f &quot;/home/zhang/code_project/Fusion/ElasticFusion-master/GUI/build-src-Desktop_Qt_5_6_1_GCC_64bit-Debug/Makefile&quot;  VERBOSE=1 clean" />
         </MakeCommands>
      </Target>
      <Target title="rebuild_cache">
         <Option working_dir="/home/zhang/code_project/Fusion/ElasticFusion-master/GUI/build-src-Desktop_Qt_5_6_1_GCC_64bit-Debug" />
         <Option type="4" />
         <MakeCommands>
            <Build command="/usr/bin/make -f &quot;/home/zhang/code_project/Fusion/ElasticFusion-master/GUI/build-src-Desktop_Qt_5_6_1_GCC_64bit-Debug/Makefile&quot;  VERBOSE=1 rebuild_cache" />
            <CompileFile command="/usr/bin/make -f &quot;/home/zhang/code_project/Fusion/ElasticFusion-master/GUI/build-src-Desktop_Qt_5_6_1_GCC_64bit-Debug/Makefile&quot;  VERBOSE=1 &quot;$file&quot;" />
            <Clean command="/usr/bin/make -f &quot;/home/zhang/code_project/Fusion/ElasticFusion-master/GUI/build-src-Desktop_Qt_5_6_1_GCC_64bit-Debug/Makefile&quot;  VERBOSE=1 clean" />
            <DistClean command="/usr/bin/make -f &quot;/home/zhang/code_project/Fusion/ElasticFusion-master/GUI/build-src-Desktop_Qt_5_6_1_GCC_64bit-Debug/Makefile&quot;  VERBOSE=1 clean" />
         </MakeCommands>
      </Target>
      <Target title="install/local">
         <Option working_dir="/home/zhang/code_project/Fusion/ElasticFusion-master/GUI/build-src-Desktop_Qt_5_6_1_GCC_64bit-Debug" />
         <Option type="4" />
         <MakeCommands>
            <Build command="/usr/bin/make -f &quot;/home/zhang/code_project/Fusion/ElasticFusion-master/GUI/build-src-Desktop_Qt_5_6_1_GCC_64bit-Debug/Makefile&quot;  VERBOSE=1 install/local" />
            <CompileFile command="/usr/bin/make -f &quot;/home/zhang/code_project/Fusion/ElasticFusion-master/GUI/build-src-Desktop_Qt_5_6_1_GCC_64bit-Debug/Makefile&quot;  VERBOSE=1 &quot;$file&quot;" />
            <Clean command="/usr/bin/make -f &quot;/home/zhang/code_project/Fusion/ElasticFusion-master/GUI/build-src-Desktop_Qt_5_6_1_GCC_64bit-Debug/Makefile&quot;  VERBOSE=1 clean" />
            <DistClean command="/usr/bin/make -f &quot;/home/zhang/code_project/Fusion/ElasticFusion-master/GUI/build-src-Desktop_Qt_5_6_1_GCC_64bit-Debug/Makefile&quot;  VERBOSE=1 clean" />
         </MakeCommands>
      </Target>
      <Target title="install/strip">
         <Option working_dir="/home/zhang/code_project/Fusion/ElasticFusion-master/GUI/build-src-Desktop_Qt_5_6_1_GCC_64bit-Debug" />
         <Option type="4" />
         <MakeCommands>
            <Build command="/usr/bin/make -f &quot;/home/zhang/code_project/Fusion/ElasticFusion-master/GUI/build-src-Desktop_Qt_5_6_1_GCC_64bit-Debug/Makefile&quot;  VERBOSE=1 install/strip" />
            <CompileFile command="/usr/bin/make -f &quot;/home/zhang/code_project/Fusion/ElasticFusion-master/GUI/build-src-Desktop_Qt_5_6_1_GCC_64bit-Debug/Makefile&quot;  VERBOSE=1 &quot;$file&quot;" />
            <Clean command="/usr/bin/make -f &quot;/home/zhang/code_project/Fusion/ElasticFusion-master/GUI/build-src-Desktop_Qt_5_6_1_GCC_64bit-Debug/Makefile&quot;  VERBOSE=1 clean" />
            <DistClean command="/usr/bin/make -f &quot;/home/zhang/code_project/Fusion/ElasticFusion-master/GUI/build-src-Desktop_Qt_5_6_1_GCC_64bit-Debug/Makefile&quot;  VERBOSE=1 clean" />
         </MakeCommands>
      </Target>
      <Target title="ElasticFusion">
         <Option output="/home/zhang/code_project/Fusion/ElasticFusion-master/GUI/build-src-Desktop_Qt_5_6_1_GCC_64bit-Debug/ElasticFusion" prefix_auto="0" extension_auto="0" />
         <Option working_dir="/home/zhang/code_project/Fusion/ElasticFusion-master/GUI/build-src-Desktop_Qt_5_6_1_GCC_64bit-Debug" />
         <Option object_output="./" />
         <Option type="1" />
         <Option compiler="gcc" />
         <Compiler>
            <Add option="-Dlinux=1" />
            <Add directory="/home/zhang/code_project/Fusion/ElasticFusion-master/Core/src" />
            <Add directory="/usr/include" />
            <Add directory="/usr/include/c++/5" />
            <Add directory="/usr/include/c++/5/backward" />
            <Add directory="/usr/include/eigen3" />
            <Add directory="/usr/include/openni2" />
            <Add directory="/usr/include/x86_64-linux-gnu" />
            <Add directory="/usr/include/x86_64-linux-gnu/c++/5" />
            <Add directory="/usr/lib/gcc/x86_64-linux-gnu/5/include" />
            <Add directory="/usr/lib/gcc/x86_64-linux-gnu/5/include-fixed" />
            <Add directory="/usr/local/cuda-8.0/include" />
            <Add directory="/usr/local/include" />
            <Add directory="/usr/local/lib/cmake/Pangolin/../../../include" />
         </Compiler>
         <MakeCommands>
            <Build command="/usr/bin/make -f &quot;/home/zhang/code_project/Fusion/ElasticFusion-master/GUI/build-src-Desktop_Qt_5_6_1_GCC_64bit-Debug/Makefile&quot;  VERBOSE=1 ElasticFusion" />
            <CompileFile command="/usr/bin/make -f &quot;/home/zhang/code_project/Fusion/ElasticFusion-master/GUI/build-src-Desktop_Qt_5_6_1_GCC_64bit-Debug/Makefile&quot;  VERBOSE=1 &quot;$file&quot;" />
            <Clean command="/usr/bin/make -f &quot;/home/zhang/code_project/Fusion/ElasticFusion-master/GUI/build-src-Desktop_Qt_5_6_1_GCC_64bit-Debug/Makefile&quot;  VERBOSE=1 clean" />
            <DistClean command="/usr/bin/make -f &quot;/home/zhang/code_project/Fusion/ElasticFusion-master/GUI/build-src-Desktop_Qt_5_6_1_GCC_64bit-Debug/Makefile&quot;  VERBOSE=1 clean" />
         </MakeCommands>
      </Target>
      <Target title="ElasticFusion/fast">
         <Option output="/home/zhang/code_project/Fusion/ElasticFusion-master/GUI/build-src-Desktop_Qt_5_6_1_GCC_64bit-Debug/ElasticFusion" prefix_auto="0" extension_auto="0" />
         <Option working_dir="/home/zhang/code_project/Fusion/ElasticFusion-master/GUI/build-src-Desktop_Qt_5_6_1_GCC_64bit-Debug" />
         <Option object_output="./" />
         <Option type="1" />
         <Option compiler="gcc" />
         <Compiler>
            <Add option="-Dlinux=1" />
            <Add directory="/home/zhang/code_project/Fusion/ElasticFusion-master/Core/src" />
            <Add directory="/usr/include" />
            <Add directory="/usr/include/c++/5" />
            <Add directory="/usr/include/c++/5/backward" />
            <Add directory="/usr/include/eigen3" />
            <Add directory="/usr/include/openni2" />
            <Add directory="/usr/include/x86_64-linux-gnu" />
            <Add directory="/usr/include/x86_64-linux-gnu/c++/5" />
            <Add directory="/usr/lib/gcc/x86_64-linux-gnu/5/include" />
            <Add directory="/usr/lib/gcc/x86_64-linux-gnu/5/include-fixed" />
            <Add directory="/usr/local/cuda-8.0/include" />
            <Add directory="/usr/local/include" />
            <Add directory="/usr/local/lib/cmake/Pangolin/../../../include" />
         </Compiler>
         <MakeCommands>
            <Build command="/usr/bin/make -f &quot;/home/zhang/code_project/Fusion/ElasticFusion-master/GUI/build-src-Desktop_Qt_5_6_1_GCC_64bit-Debug/Makefile&quot;  VERBOSE=1 ElasticFusion/fast" />
            <CompileFile command="/usr/bin/make -f &quot;/home/zhang/code_project/Fusion/ElasticFusion-master/GUI/build-src-Desktop_Qt_5_6_1_GCC_64bit-Debug/Makefile&quot;  VERBOSE=1 &quot;$file&quot;" />
            <Clean command="/usr/bin/make -f &quot;/home/zhang/code_project/Fusion/ElasticFusion-master/GUI/build-src-Desktop_Qt_5_6_1_GCC_64bit-Debug/Makefile&quot;  VERBOSE=1 clean" />
            <DistClean command="/usr/bin/make -f &quot;/home/zhang/code_project/Fusion/ElasticFusion-master/GUI/build-src-Desktop_Qt_5_6_1_GCC_64bit-Debug/Makefile&quot;  VERBOSE=1 clean" />
         </MakeCommands>
      </Target>
      <Target title="edit_cache">
         <Option working_dir="/home/zhang/code_project/Fusion/ElasticFusion-master/GUI/build-src-Desktop_Qt_5_6_1_GCC_64bit-Debug" />
         <Option type="4" />
         <MakeCommands>
            <Build command="/usr/bin/make -f &quot;/home/zhang/code_project/Fusion/ElasticFusion-master/GUI/build-src-Desktop_Qt_5_6_1_GCC_64bit-Debug/Makefile&quot;  VERBOSE=1 edit_cache" />
            <CompileFile command="/usr/bin/make -f &quot;/home/zhang/code_project/Fusion/ElasticFusion-master/GUI/build-src-Desktop_Qt_5_6_1_GCC_64bit-Debug/Makefile&quot;  VERBOSE=1 &quot;$file&quot;" />
            <Clean command="/usr/bin/make -f &quot;/home/zhang/code_project/Fusion/ElasticFusion-master/GUI/build-src-Desktop_Qt_5_6_1_GCC_64bit-Debug/Makefile&quot;  VERBOSE=1 clean" />
            <DistClean command="/usr/bin/make -f &quot;/home/zhang/code_project/Fusion/ElasticFusion-master/GUI/build-src-Desktop_Qt_5_6_1_GCC_64bit-Debug/Makefile&quot;  VERBOSE=1 clean" />
         </MakeCommands>
      </Target>
      </Build>
      <Unit filename="/home/zhang/code_project/Fusion/ElasticFusion-master/GUI/src/Main.cpp">
         <Option target="ElasticFusion"/>
      </Unit>
      <Unit filename="/home/zhang/code_project/Fusion/ElasticFusion-master/GUI/src/MainController.cpp">
         <Option target="ElasticFusion"/>
      </Unit>
      <Unit filename="/home/zhang/code_project/Fusion/ElasticFusion-master/GUI/src/MainController.h">
         <Option target="ElasticFusion"/>
      </Unit>
      <Unit filename="/home/zhang/code_project/Fusion/ElasticFusion-master/GUI/src/Tools/GroundTruthOdometry.cpp">
         <Option target="ElasticFusion"/>
      </Unit>
      <Unit filename="/home/zhang/code_project/Fusion/ElasticFusion-master/GUI/src/Tools/GroundTruthOdometry.h">
         <Option target="ElasticFusion"/>
      </Unit>
      <Unit filename="/home/zhang/code_project/Fusion/ElasticFusion-master/GUI/src/Tools/LiveLogReader.cpp">
         <Option target="ElasticFusion"/>
      </Unit>
      <Unit filename="/home/zhang/code_project/Fusion/ElasticFusion-master/GUI/src/Tools/LiveLogReader.h">
         <Option target="ElasticFusion"/>
      </Unit>
      <Unit filename="/home/zhang/code_project/Fusion/ElasticFusion-master/GUI/src/Tools/OpenNI2Interface.cpp">
         <Option target="ElasticFusion"/>
      </Unit>
      <Unit filename="/home/zhang/code_project/Fusion/ElasticFusion-master/GUI/src/Tools/OpenNI2Interface.h">
         <Option target="ElasticFusion"/>
      </Unit>
      <Unit filename="/home/zhang/code_project/Fusion/ElasticFusion-master/GUI/src/Tools/RawLogReader.cpp">
         <Option target="ElasticFusion"/>
      </Unit>
      <Unit filename="/home/zhang/code_project/Fusion/ElasticFusion-master/GUI/src/Tools/RawLogReader.h">
         <Option target="ElasticFusion"/>
      </Unit>
      <Unit filename="/home/zhang/code_project/Fusion/ElasticFusion-master/GUI/src/Tools/RealSenseInterface.cpp">
         <Option target="ElasticFusion"/>
      </Unit>
      <Unit filename="/home/zhang/code_project/Fusion/ElasticFusion-master/GUI/src/Tools/RealSenseInterface.h">
         <Option target="ElasticFusion"/>
      </Unit>
      <Unit filename="/home/zhang/code_project/Fusion/ElasticFusion-master/GUI/src/CMakeLists.txt">
          <Option virtualFolder="CMake Files\" />
      </Unit>
      <Unit filename="/home/zhang/code_project/Fusion/ElasticFusion-master/GUI/src/FindLAPACK.cmake">
          <Option virtualFolder="CMake Files\" />
      </Unit>
      <Unit filename="/home/zhang/code_project/Fusion/ElasticFusion-master/GUI/src/FindBLAS.cmake">
          <Option virtualFolder="CMake Files\" />
      </Unit>
      <Unit filename="/home/zhang/code_project/Fusion/ElasticFusion-master/GUI/src/FindBLAS.cmake">
          <Option virtualFolder="CMake Files\" />
      </Unit>
      <Unit filename="/home/zhang/code_project/Fusion/ElasticFusion-master/GUI/src/FindOpenNI2.cmake">
          <Option virtualFolder="CMake Files\" />
      </Unit>
      <Unit filename="/home/zhang/code_project/Fusion/ElasticFusion-master/GUI/src/Findefusion.cmake">
          <Option virtualFolder="CMake Files\" />
      </Unit>
      <Unit filename="/home/zhang/code_project/Fusion/ElasticFusion-master/GUI/src/FindSuiteSparse.cmake">
          <Option virtualFolder="CMake Files\" />
      </Unit>
      <Unit filename="/home/zhang/code_project/Fusion/ElasticFusion-master/GUI/src/../../../../../../../usr/local/lib/cmake/Pangolin/PangolinConfigVersion.cmake">
          <Option virtualFolder="CMake Files\..\..\..\..\..\..\..\usr\local\lib\cmake\Pangolin\" />
      </Unit>
      <Unit filename="/home/zhang/code_project/Fusion/ElasticFusion-master/GUI/src/../../../../../../../usr/local/lib/cmake/Pangolin/PangolinConfig.cmake">
          <Option virtualFolder="CMake Files\..\..\..\..\..\..\..\usr\local\lib\cmake\Pangolin\" />
      </Unit>
      <Unit filename="/home/zhang/code_project/Fusion/ElasticFusion-master/GUI/src/../../../../../../../usr/local/lib/cmake/Pangolin/PangolinTargets.cmake">
          <Option virtualFolder="CMake Files\..\..\..\..\..\..\..\usr\local\lib\cmake\Pangolin\" />
      </Unit>
      <Unit filename="/home/zhang/code_project/Fusion/ElasticFusion-master/GUI/src/../../../../../../../usr/local/lib/cmake/Pangolin/PangolinTargets-release.cmake">
          <Option virtualFolder="CMake Files\..\..\..\..\..\..\..\usr\local\lib\cmake\Pangolin\" />
      </Unit>
   </Project>
</CodeBlocks_project_file>
